
Microsoft Visual Studio Solution File, Format Version 12.00
# Visual Studio Version 16
VisualStudioVersion = 16.0.31321.278
MinimumVisualStudioVersion = 10.0.40219.1
Project("{FAE04EC0-301F-11D3-BF4B-00C04F79EFBC}") = "Exercise1", "Exercise1\Exercise1.csproj", "{8837C29D-FF48-4BEE-B550-0592C5EC9DFD}"
EndProject
Project("{FAE04EC0-301F-11D3-BF4B-00C04F79EFBC}") = "Exercise2", "Exercise2\Exercise2.csproj", "{A2F56454-0A7F-4A25-9C25-09F64DEF62D2}"
EndProject
Project("{FAE04EC0-301F-11D3-BF4B-00C04F79EFBC}") = "Exercise3", "Exercise3\Exercise3.csproj", "{DE6652EE-C7A3-4FF6-8406-2DF0E0DC994C}"
EndProject
Project("{FAE04EC0-301F-11D3-BF4B-00C04F79EFBC}") = "Exercise4", "Exercise4\Exercise4.csproj", "{5FFD1745-B43B-4695-9166-649BD77A5A08}"
EndProject
Project("{FAE04EC0-301F-11D3-BF4B-00C04F79EFBC}") = "Exercise5", "Exercise5\Exercise5.csproj", "{07780100-4392-4893-9F7E-9B5DF849E349}"
EndProject
Global
	GlobalSection(SolutionConfigurationPlatforms) = preSolution
		Debug|Any CPU = Debug|Any CPU
		Release|Any CPU = Release|Any CPU
	EndGlobalSection
	GlobalSection(ProjectConfigurationPlatforms) = postSolution
		{8837C29D-FF48-4BEE-B550-0592C5EC9DFD}.Debug|Any CPU.ActiveCfg = Debug|Any CPU
		{8837C29D-FF48-4BEE-B550-0592C5EC9DFD}.Debug|Any CPU.Build.0 = Debug|Any CPU
		{8837C29D-FF48-4BEE-B550-0592C5EC9DFD}.Release|Any CPU.ActiveCfg = Release|Any CPU
		{8837C29D-FF48-4BEE-B550-0592C5EC9DFD}.Release|Any CPU.Build.0 = Release|Any CPU
		{A2F56454-0A7F-4A25-9C25-09F64DEF62D2}.Debug|Any CPU.ActiveCfg = Debug|Any CPU
		{A2F56454-0A7F-4A25-9C25-09F64DEF62D2}.Debug|Any CPU.Build.0 = Debug|Any CPU
		{A2F56454-0A7F-4A25-9C25-09F64DEF62D2}.Release|Any CPU.ActiveCfg = Release|Any CPU
		{A2F56454-0A7F-4A25-9C25-09F64DEF62D2}.Release|Any CPU.Build.0 = Release|Any CPU
		{DE6652EE-C7A3-4FF6-8406-2DF0E0DC994C}.Debug|Any CPU.ActiveCfg = Debug|Any CPU
		{DE6652EE-C7A3-4FF6-8406-2DF0E0DC994C}.Debug|Any CPU.Build.0 = Debug|Any CPU
		{DE6652EE-C7A3-4FF6-8406-2DF0E0DC994C}.Release|Any CPU.ActiveCfg = Release|Any CPU
		{DE6652EE-C7A3-4FF6-8406-2DF0E0DC994C}.Release|Any CPU.Build.0 = Release|Any CPU
		{5FFD1745-B43B-4695-9166-649BD77A5A08}.Debug|Any CPU.ActiveCfg = Debug|Any CPU
		{5FFD1745-B43B-4695-9166-649BD77A5A08}.Debug|Any CPU.Build.0 = Debug|Any CPU
		{5FFD1745-B43B-4695-9166-649BD77A5A08}.Release|Any CPU.ActiveCfg = Release|Any CPU
		{5FFD1745-B43B-4695-9166-649BD77A5A08}.Release|Any CPU.Build.0 = Release|Any CPU
		{07780100-4392-4893-9F7E-9B5DF849E349}.Debug|Any CPU.ActiveCfg = Debug|Any CPU
		{07780100-4392-4893-9F7E-9B5DF849E349}.Debug|Any CPU.Build.0 = Debug|Any CPU
		{07780100-4392-4893-9F7E-9B5DF849E349}.Release|Any CPU.ActiveCfg = Release|Any CPU
		{07780100-4392-4893-9F7E-9B5DF849E349}.Release|Any CPU.Build.0 = Release|Any CPU
	EndGlobalSection
	GlobalSection(SolutionProperties) = preSolution
		HideSolutionNode = FALSE
	EndGlobalSection
	GlobalSection(ExtensibilityGlobals) = postSolution
		SolutionGuid = {B8684EB2-CC20-4475-8038-C1A3C26977B0}
	EndGlobalSection
EndGlobal
